
Microsoft Visual Studio Solution File, Format Version 12.00
# Visual Studio Version 17
VisualStudioVersion = 17.11.35303.130
MinimumVisualStudioVersion = 10.0.40219.1
Project("{2150E333-8FDC-42A3-9474-1A3956D46DE8}") = "Application", "Application", "{C54396AF-7F33-4D9D-850F-F82B4C540D68}"
EndProject
Project("{2150E333-8FDC-42A3-9474-1A3956D46DE8}") = "Libraries", "Libraries", "{E2CED8EB-D278-40EE-AD25-A9F3E423E09F}"
EndProject
Project("{9A19103F-16F7-4668-BE54-9A1E7A4F7556}") = "SV21T1020200.Web", "SV21T1020200.Web\SV21T1020200.Web.csproj", "{AC7781FD-99F8-4076-813A-3B08316C11F1}"
EndProject
Project("{9A19103F-16F7-4668-BE54-9A1E7A4F7556}") = "SV21T1020200.DomainModels", "SV21T1020200.DomainModels\SV21T1020200.DomainModels.csproj", "{66F82EEC-70C3-423F-9635-6D9DF91453BA}"
EndProject
Project("{9A19103F-16F7-4668-BE54-9A1E7A4F7556}") = "SV21T1020200.DataLayers", "SV21T1020200.DataLayers\SV21T1020200.DataLayers.csproj", "{1F3E5196-4AF8-47D8-BB6C-C47EA2C7BF09}"
EndProject
Project("{9A19103F-16F7-4668-BE54-9A1E7A4F7556}") = "SV21T1020200.BussinessLayers", "SV21T1020200.BussinessLayers\SV21T1020200.BussinessLayers.csproj", "{D3845B4D-53D7-4440-B791-4BDB091E6519}"
EndProject
Project("{FAE04EC0-301F-11D3-BF4B-00C04F79EFBC}") = "SV21T1020200.Shop", "SV21T1020200.Shop\SV21T1020200.Shop.csproj", "{E6D9FBF0-AF90-4048-B9C2-9CA7E3210557}"
EndProject
Global
	GlobalSection(SolutionConfigurationPlatforms) = preSolution
		Debug|Any CPU = Debug|Any CPU
		Release|Any CPU = Release|Any CPU
	EndGlobalSection
	GlobalSection(ProjectConfigurationPlatforms) = postSolution
		{AC7781FD-99F8-4076-813A-3B08316C11F1}.Debug|Any CPU.ActiveCfg = Debug|Any CPU
		{AC7781FD-99F8-4076-813A-3B08316C11F1}.Debug|Any CPU.Build.0 = Debug|Any CPU
		{AC7781FD-99F8-4076-813A-3B08316C11F1}.Release|Any CPU.ActiveCfg = Release|Any CPU
		{AC7781FD-99F8-4076-813A-3B08316C11F1}.Release|Any CPU.Build.0 = Release|Any CPU
		{66F82EEC-70C3-423F-9635-6D9DF91453BA}.Debug|Any CPU.ActiveCfg = Debug|Any CPU
		{66F82EEC-70C3-423F-9635-6D9DF91453BA}.Debug|Any CPU.Build.0 = Debug|Any CPU
		{66F82EEC-70C3-423F-9635-6D9DF91453BA}.Release|Any CPU.ActiveCfg = Release|Any CPU
		{66F82EEC-70C3-423F-9635-6D9DF91453BA}.Release|Any CPU.Build.0 = Release|Any CPU
		{1F3E5196-4AF8-47D8-BB6C-C47EA2C7BF09}.Debug|Any CPU.ActiveCfg = Debug|Any CPU
		{1F3E5196-4AF8-47D8-BB6C-C47EA2C7BF09}.Debug|Any CPU.Build.0 = Debug|Any CPU
		{1F3E5196-4AF8-47D8-BB6C-C47EA2C7BF09}.Release|Any CPU.ActiveCfg = Release|Any CPU
		{1F3E5196-4AF8-47D8-BB6C-C47EA2C7BF09}.Release|Any CPU.Build.0 = Release|Any CPU
		{D3845B4D-53D7-4440-B791-4BDB091E6519}.Debug|Any CPU.ActiveCfg = Debug|Any CPU
		{D3845B4D-53D7-4440-B791-4BDB091E6519}.Debug|Any CPU.Build.0 = Debug|Any CPU
		{D3845B4D-53D7-4440-B791-4BDB091E6519}.Release|Any CPU.ActiveCfg = Release|Any CPU
		{D3845B4D-53D7-4440-B791-4BDB091E6519}.Release|Any CPU.Build.0 = Release|Any CPU
		{E6D9FBF0-AF90-4048-B9C2-9CA7E3210557}.Debug|Any CPU.ActiveCfg = Debug|Any CPU
		{E6D9FBF0-AF90-4048-B9C2-9CA7E3210557}.Debug|Any CPU.Build.0 = Debug|Any CPU
		{E6D9FBF0-AF90-4048-B9C2-9CA7E3210557}.Release|Any CPU.ActiveCfg = Release|Any CPU
		{E6D9FBF0-AF90-4048-B9C2-9CA7E3210557}.Release|Any CPU.Build.0 = Release|Any CPU
	EndGlobalSection
	GlobalSection(SolutionProperties) = preSolution
		HideSolutionNode = FALSE
	EndGlobalSection
	GlobalSection(NestedProjects) = preSolution
		{AC7781FD-99F8-4076-813A-3B08316C11F1} = {C54396AF-7F33-4D9D-850F-F82B4C540D68}
		{66F82EEC-70C3-423F-9635-6D9DF91453BA} = {E2CED8EB-D278-40EE-AD25-A9F3E423E09F}
		{1F3E5196-4AF8-47D8-BB6C-C47EA2C7BF09} = {E2CED8EB-D278-40EE-AD25-A9F3E423E09F}
		{D3845B4D-53D7-4440-B791-4BDB091E6519} = {E2CED8EB-D278-40EE-AD25-A9F3E423E09F}
		{E6D9FBF0-AF90-4048-B9C2-9CA7E3210557} = {C54396AF-7F33-4D9D-850F-F82B4C540D68}
	EndGlobalSection
	GlobalSection(ExtensibilityGlobals) = postSolution
		SolutionGuid = {4834A249-7A90-44DE-91A2-6F412FB168B7}
	EndGlobalSection
EndGlobal
